
Microsoft Visual Studio Solution File, Format Version 12.00
# Visual Studio Version 17
VisualStudioVersion = 17.4.33110.190
MinimumVisualStudioVersion = 10.0.40219.1
Project("{FAE04EC0-301F-11D3-BF4B-00C04F79EFBC}") = "WebApplication1", "WebApplication1.csproj", "{EE822973-CD2B-48DF-BA6E-7A77E080256C}"
EndProject
Project("{FAE04EC0-301F-11D3-BF4B-00C04F79EFBC}") = "WebApplication1Tests", "..\WebApplication1Tests\WebApplication1Tests.csproj", "{76C46DDA-3FDC-47A0-AC66-8D1A6B4D02C2}"
EndProject
Global
	GlobalSection(SolutionConfigurationPlatforms) = preSolution
		Debug|Any CPU = Debug|Any CPU
		Release|Any CPU = Release|Any CPU
	EndGlobalSection
	GlobalSection(ProjectConfigurationPlatforms) = postSolution
		{EE822973-CD2B-48DF-BA6E-7A77E080256C}.Debug|Any CPU.ActiveCfg = Debug|Any CPU
		{EE822973-CD2B-48DF-BA6E-7A77E080256C}.Debug|Any CPU.Build.0 = Debug|Any CPU
		{EE822973-CD2B-48DF-BA6E-7A77E080256C}.Release|Any CPU.ActiveCfg = Release|Any CPU
		{EE822973-CD2B-48DF-BA6E-7A77E080256C}.Release|Any CPU.Build.0 = Release|Any CPU
		{76C46DDA-3FDC-47A0-AC66-8D1A6B4D02C2}.Debug|Any CPU.ActiveCfg = Debug|Any CPU
		{76C46DDA-3FDC-47A0-AC66-8D1A6B4D02C2}.Debug|Any CPU.Build.0 = Debug|Any CPU
		{76C46DDA-3FDC-47A0-AC66-8D1A6B4D02C2}.Release|Any CPU.ActiveCfg = Release|Any CPU
		{76C46DDA-3FDC-47A0-AC66-8D1A6B4D02C2}.Release|Any CPU.Build.0 = Release|Any CPU
	EndGlobalSection
	GlobalSection(SolutionProperties) = preSolution
		HideSolutionNode = FALSE
	EndGlobalSection
	GlobalSection(ExtensibilityGlobals) = postSolution
		SolutionGuid = {B2B858A1-4D11-40B0-BF61-9074457F689E}
	EndGlobalSection
EndGlobal
